// !$*UTF8*$!
{
	archiveVersion = 1;
	classes = {
	};
	objectVersion = 56;
	objects = {

/* Begin PBXBuildFile section */
		4F4CF0FB2C2313220054CC5A /* ChaintechPasswordManagerApp.swift in Sources */ = {isa = PBXBuildFile; fileRef = 4F4CF0FA2C2313220054CC5A /* ChaintechPasswordManagerApp.swift */; };
		4F4CF0FD2C2313220054CC5A /* HomeView.swift in Sources */ = {isa = PBXBuildFile; fileRef = 4F4CF0FC2C2313220054CC5A /* HomeView.swift */; };
		4F4CF0FF2C2313240054CC5A /* Assets.xcassets in Resources */ = {isa = PBXBuildFile; fileRef = 4F4CF0FE2C2313240054CC5A /* Assets.xcassets */; };
		4F4CF1022C2313240054CC5A /* Preview Assets.xcassets in Resources */ = {isa = PBXBuildFile; fileRef = 4F4CF1012C2313240054CC5A /* Preview Assets.xcassets */; };
		4F4CF1092C2314510054CC5A /* CredentailModel.swift in Sources */ = {isa = PBXBuildFile; fileRef = 4F4CF1082C2314510054CC5A /* CredentailModel.swift */; };
		4F4CF10B2C231C970054CC5A /* CredentialView.swift in Sources */ = {isa = PBXBuildFile; fileRef = 4F4CF10A2C231C970054CC5A /* CredentialView.swift */; };
		4F4CF10D2C23215F0054CC5A /* AccountView.swift in Sources */ = {isa = PBXBuildFile; fileRef = 4F4CF10C2C23215F0054CC5A /* AccountView.swift */; };
		4F66F8852C24537F004D3CC4 /* AddAccount.swift in Sources */ = {isa = PBXBuildFile; fileRef = 4F66F8842C24537F004D3CC4 /* AddAccount.swift */; };
		4F66F8872C2454FE004D3CC4 /* ButtonView.swift in Sources */ = {isa = PBXBuildFile; fileRef = 4F66F8862C2454FE004D3CC4 /* ButtonView.swift */; };
		4F66F8892C249A83004D3CC4 /* ViewModel.swift in Sources */ = {isa = PBXBuildFile; fileRef = 4F66F8882C249A83004D3CC4 /* ViewModel.swift */; };
/* End PBXBuildFile section */

/* Begin PBXFileReference section */
		4F4CF0F72C2313220054CC5A /* ChaintechPasswordManager.app */ = {isa = PBXFileReference; explicitFileType = wrapper.application; includeInIndex = 0; path = ChaintechPasswordManager.app; sourceTree = BUILT_PRODUCTS_DIR; };
		4F4CF0FA2C2313220054CC5A /* ChaintechPasswordManagerApp.swift */ = {isa = PBXFileReference; lastKnownFileType = sourcecode.swift; path = ChaintechPasswordManagerApp.swift; sourceTree = "<group>"; };
		4F4CF0FC2C2313220054CC5A /* HomeView.swift */ = {isa = PBXFileReference; lastKnownFileType = sourcecode.swift; path = HomeView.swift; sourceTree = "<group>"; };
		4F4CF0FE2C2313240054CC5A /* Assets.xcassets */ = {isa = PBXFileReference; lastKnownFileType = folder.assetcatalog; path = Assets.xcassets; sourceTree = "<group>"; };
		4F4CF1012C2313240054CC5A /* Preview Assets.xcassets */ = {isa = PBXFileReference; lastKnownFileType = folder.assetcatalog; path = "Preview Assets.xcassets"; sourceTree = "<group>"; };
		4F4CF1082C2314510054CC5A /* CredentailModel.swift */ = {isa = PBXFileReference; lastKnownFileType = sourcecode.swift; path = CredentailModel.swift; sourceTree = "<group>"; };
		4F4CF10A2C231C970054CC5A /* CredentialView.swift */ = {isa = PBXFileReference; lastKnownFileType = sourcecode.swift; path = CredentialView.swift; sourceTree = "<group>"; };
		4F4CF10C2C23215F0054CC5A /* AccountView.swift */ = {isa = PBXFileReference; lastKnownFileType = sourcecode.swift; path = AccountView.swift; sourceTree = "<group>"; };
		4F66F8842C24537F004D3CC4 /* AddAccount.swift */ = {isa = PBXFileReference; lastKnownFileType = sourcecode.swift; path = AddAccount.swift; sourceTree = "<group>"; };
		4F66F8862C2454FE004D3CC4 /* ButtonView.swift */ = {isa = PBXFileReference; lastKnownFileType = sourcecode.swift; path = ButtonView.swift; sourceTree = "<group>"; };
		4F66F8882C249A83004D3CC4 /* ViewModel.swift */ = {isa = PBXFileReference; lastKnownFileType = sourcecode.swift; path = ViewModel.swift; sourceTree = "<group>"; };
/* End PBXFileReference section */

/* Begin PBXFrameworksBuildPhase section */
		4F4CF0F42C2313220054CC5A /* Frameworks */ = {
			isa = PBXFrameworksBuildPhase;
			buildActionMask = 2147483647;
			files = (
			);
			runOnlyForDeploymentPostprocessing = 0;
		};
/* End PBXFrameworksBuildPhase section */

/* Begin PBXGroup section */
		4F4CF0EE2C2313220054CC5A = {
			isa = PBXGroup;
			children = (
				4F4CF0F92C2313220054CC5A /* ChaintechPasswordManager */,
				4F4CF0F82C2313220054CC5A /* Products */,
			);
			sourceTree = "<group>";
		};
		4F4CF0F82C2313220054CC5A /* Products */ = {
			isa = PBXGroup;
			children = (
				4F4CF0F72C2313220054CC5A /* ChaintechPasswordManager.app */,
			);
			name = Products;
			sourceTree = "<group>";
		};
		4F4CF0F92C2313220054CC5A /* ChaintechPasswordManager */ = {
			isa = PBXGroup;
			children = (
				4F4CF0FA2C2313220054CC5A /* ChaintechPasswordManagerApp.swift */,
				4F4CF0FC2C2313220054CC5A /* HomeView.swift */,
				4F66F8882C249A83004D3CC4 /* ViewModel.swift */,
				4F66F8842C24537F004D3CC4 /* AddAccount.swift */,
				4F4CF10C2C23215F0054CC5A /* AccountView.swift */,
				4F4CF10A2C231C970054CC5A /* CredentialView.swift */,
				4F66F8862C2454FE004D3CC4 /* ButtonView.swift */,
				4F4CF1082C2314510054CC5A /* CredentailModel.swift */,
				4F4CF0FE2C2313240054CC5A /* Assets.xcassets */,
				4F4CF1002C2313240054CC5A /* Preview Content */,
			);
			path = ChaintechPasswordManager;
			sourceTree = "<group>";
		};
		4F4CF1002C2313240054CC5A /* Preview Content */ = {
			isa = PBXGroup;
			children = (
				4F4CF1012C2313240054CC5A /* Preview Assets.xcassets */,
			);
			path = "Preview Content";
			sourceTree = "<group>";
		};
/* End PBXGroup section */

/* Begin PBXNativeTarget section */
		4F4CF0F62C2313220054CC5A /* ChaintechPasswordManager */ = {
			isa = PBXNativeTarget;
			buildConfigurationList = 4F4CF1052C2313240054CC5A /* Build configuration list for PBXNativeTarget "ChaintechPasswordManager" */;
			buildPhases = (
				4F4CF0F32C2313220054CC5A /* Sources */,
				4F4CF0F42C2313220054CC5A /* Frameworks */,
				4F4CF0F52C2313220054CC5A /* Resources */,
			);
			buildRules = (
			);
			dependencies = (
			);
			name = ChaintechPasswordManager;
			productName = ChaintechPasswordManager;
			productReference = 4F4CF0F72C2313220054CC5A /* ChaintechPasswordManager.app */;
			productType = "com.apple.product-type.application";
		};
/* End PBXNativeTarget section */

/* Begin PBXProject section */
		4F4CF0EF2C2313220054CC5A /* Project object */ = {
			isa = PBXProject;
			attributes = {
				BuildIndependentTargetsInParallel = 1;
				LastSwiftUpdateCheck = 1540;
				LastUpgradeCheck = 1540;
				TargetAttributes = {
					4F4CF0F62C2313220054CC5A = {
						CreatedOnToolsVersion = 15.4;
					};
				};
			};
			buildConfigurationList = 4F4CF0F22C2313220054CC5A /* Build configuration list for PBXProject "ChaintechPasswordManager" */;
			compatibilityVersion = "Xcode 14.0";
			developmentRegion = en;
			hasScannedForEncodings = 0;
			knownRegions = (
				en,
				Base,
			);
			mainGroup = 4F4CF0EE2C2313220054CC5A;
			productRefGroup = 4F4CF0F82C2313220054CC5A /* Products */;
			projectDirPath = "";
			projectRoot = "";
			targets = (
				4F4CF0F62C2313220054CC5A /* ChaintechPasswordManager */,
			);
		};
/* End PBXProject section */

/* Begin PBXResourcesBuildPhase section */
		4F4CF0F52C2313220054CC5A /* Resources */ = {
			isa = PBXResourcesBuildPhase;
			buildActionMask = 2147483647;
			files = (
				4F4CF1022C2313240054CC5A /* Preview Assets.xcassets in Resources */,
				4F4CF0FF2C2313240054CC5A /* Assets.xcassets in Resources */,
			);
			runOnlyForDeploymentPostprocessing = 0;
		};
/* End PBXResourcesBuildPhase section */

/* Begin PBXSourcesBuildPhase section */
		4F4CF0F32C2313220054CC5A /* Sources */ = {
			isa = PBXSourcesBuildPhase;
			buildActionMask = 2147483647;
			files = (
				4F4CF1092C2314510054CC5A /* CredentailModel.swift in Sources */,
				4F4CF10B2C231C970054CC5A /* CredentialView.swift in Sources */,
				4F4CF0FD2C2313220054CC5A /* HomeView.swift in Sources */,
				4F66F8852C24537F004D3CC4 /* AddAccount.swift in Sources */,
				4F4CF0FB2C2313220054CC5A /* ChaintechPasswordManagerApp.swift in Sources */,
				4F4CF10D2C23215F0054CC5A /* AccountView.swift in Sources */,
				4F66F8892C249A83004D3CC4 /* ViewModel.swift in Sources */,
				4F66F8872C2454FE004D3CC4 /* ButtonView.swift in Sources */,
			);
			runOnlyForDeploymentPostprocessing = 0;
		};
/* End PBXSourcesBuildPhase section */

/* Begin XCBuildConfiguration section */
		4F4CF1032C2313240054CC5A /* Debug */ = {
			isa = XCBuildConfiguration;
			buildSettings = {
				ALWAYS_SEARCH_USER_PATHS = NO;
				ASSETCATALOG_COMPILER_GENERATE_SWIFT_ASSET_SYMBOL_EXTENSIONS = YES;
				CLANG_ANALYZER_NONNULL = YES;
				CLANG_ANALYZER_NUMBER_OBJECT_CONVERSION = YES_AGGRESSIVE;
				CLANG_CXX_LANGUAGE_STANDARD = "gnu++20";
				CLANG_ENABLE_MODULES = YES;
				CLANG_ENABLE_OBJC_ARC = YES;
				CLANG_ENABLE_OBJC_WEAK = YES;
				CLANG_WARN_BLOCK_CAPTURE_AUTORELEASING = YES;
				CLANG_WARN_BOOL_CONVERSION = YES;
				CLANG_WARN_COMMA = YES;
				CLANG_WARN_CONSTANT_CONVERSION = YES;
				CLANG_WARN_DEPRECATED_OBJC_IMPLEMENTATIONS = YES;
				CLANG_WARN_DIRECT_OBJC_ISA_USAGE = YES_ERROR;
				CLANG_WARN_DOCUMENTATION_COMMENTS = YES;
				CLANG_WARN_EMPTY_BODY = YES;
				CLANG_WARN_ENUM_CONVERSION = YES;
				CLANG_WARN_INFINITE_RECURSION = YES;
				CLANG_WARN_INT_CONVERSION = YES;
				CLANG_WARN_NON_LITERAL_NULL_CONVERSION = YES;
				CLANG_WARN_OBJC_IMPLICIT_RETAIN_SELF = YES;
				CLANG_WARN_OBJC_LITERAL_CONVERSION = YES;
				CLANG_WARN_OBJC_ROOT_CLASS = YES_ERROR;
				CLANG_WARN_QUOTED_INCLUDE_IN_FRAMEWORK_HEADER = YES;
				CLANG_WARN_RANGE_LOOP_ANALYSIS = YES;
				CLANG_WARN_STRICT_PROTOTYPES = YES;
				CLANG_WARN_SUSPICIOUS_MOVE = YES;
				CLANG_WARN_UNGUARDED_AVAILABILITY = YES_AGGRESSIVE;
				CLANG_WARN_UNREACHABLE_CODE = YES;
				CLANG_WARN__DUPLICATE_METHOD_MATCH = YES;
				COPY_PHASE_STRIP = NO;
				DEBUG_INFORMATION_FORMAT = dwarf;
				ENABLE_STRICT_OBJC_MSGSEND = YES;
				ENABLE_TESTABILITY = YES;
				ENABLE_USER_SCRIPT_SANDBOXING = YES;
				GCC_C_LANGUAGE_STANDARD = gnu17;
				GCC_DYNAMIC_NO_PIC = NO;
				GCC_NO_COMMON_BLOCKS = YES;
				GCC_OPTIMIZATION_LEVEL = 0;
				GCC_PREPROCESSOR_DEFINITIONS = (
					"DEBUG=1",
					"$(inherited)",
				);
				GCC_WARN_64_TO_32_BIT_CONVERSION = YES;
				GCC_WARN_ABOUT_RETURN_TYPE = YES_ERROR;
				GCC_WARN_UNDECLARED_SELECTOR = YES;
				GCC_WARN_UNINITIALIZED_AUTOS = YES_AGGRESSIVE;
				GCC_WARN_UNUSED_FUNCTION = YES;
				GCC_WARN_UNUSED_VARIABLE = YES;
				IPHONEOS_DEPLOYMENT_TARGET = 17.0;
				LOCALIZATION_PREFERS_STRING_CATALOGS = YES;
				MTL_ENABLE_DEBUG_INFO = INCLUDE_SOURCE;
				MTL_FAST_MATH = YES;
				ONLY_ACTIVE_ARCH = YES;
				SDKROOT = iphoneos;
				SWIFT_ACTIVE_COMPILATION_CONDITIONS = "DEBUG $(inherited)";
				SWIFT_OPTIMIZATION_LEVEL = "-Onone";
			};
			name = Debug;
		};
		4F4CF1042C2313240054CC5A /* Release */ = {
			isa = XCBuildConfiguration;
			buildSettings = {
				ALWAYS_SEARCH_USER_PATHS = NO;
				ASSETCATALOG_COMPILER_GENERATE_SWIFT_ASSET_SYMBOL_EXTENSIONS = YES;
				CLANG_ANALYZER_NONNULL = YES;
				CLANG_ANALYZER_NUMBER_OBJECT_CONVERSION = YES_AGGRESSIVE;
				CLANG_CXX_LANGUAGE_STANDARD = "gnu++20";
				CLANG_ENABLE_MODULES = YES;
				CLANG_ENABLE_OBJC_ARC = YES;
				CLANG_ENABLE_OBJC_WEAK = YES;
				CLANG_WARN_BLOCK_CAPTURE_AUTORELEASING = YES;
				CLANG_WARN_BOOL_CONVERSION = YES;
				CLANG_WARN_COMMA = YES;
				CLANG_WARN_CONSTANT_CONVERSION = YES;
				CLANG_WARN_DEPRECATED_OBJC_IMPLEMENTATIONS = YES;
				CLANG_WARN_DIRECT_OBJC_ISA_USAGE = YES_ERROR;
				CLANG_WARN_DOCUMENTATION_COMMENTS = YES;
				CLANG_WARN_EMPTY_BODY = YES;
				CLANG_WARN_ENUM_CONVERSION = YES;
				CLANG_WARN_INFINITE_RECURSION = YES;
				CLANG_WARN_INT_CONVERSION = YES;
				CLANG_WARN_NON_LITERAL_NULL_CONVERSION = YES;
				CLANG_WARN_OBJC_IMPLICIT_RETAIN_SELF = YES;
				CLANG_WARN_OBJC_LITERAL_CONVERSION = YES;
				CLANG_WARN_OBJC_ROOT_CLASS = YES_ERROR;
				CLANG_WARN_QUOTED_INCLUDE_IN_FRAMEWORK_HEADER = YES;
				CLANG_WARN_RANGE_LOOP_ANALYSIS = YES;
				CLANG_WARN_STRICT_PROTOTYPES = YES;
				CLANG_WARN_SUSPICIOUS_MOVE = YES;
				CLANG_WARN_UNGUARDED_AVAILABILITY = YES_AGGRESSIVE;
				CLANG_WARN_UNREACHABLE_CODE = YES;
				CLANG_WARN__DUPLICATE_METHOD_MATCH = YES;
				COPY_PHASE_STRIP = NO;
				DEBUG_INFORMATION_FORMAT = "dwarf-with-dsym";
				ENABLE_NS_ASSERTIONS = NO;
				ENABLE_STRICT_OBJC_MSGSEND = YES;
				ENABLE_USER_SCRIPT_SANDBOXING = YES;
				GCC_C_LANGUAGE_STANDARD = gnu17;
				GCC_NO_COMMON_BLOCKS = YES;
				GCC_WARN_64_TO_32_BIT_CONVERSION = YES;
				GCC_WARN_ABOUT_RETURN_TYPE = YES_ERROR;
				GCC_WARN_UNDECLARED_SELECTOR = YES;
				GCC_WARN_UNINITIALIZED_AUTOS = YES_AGGRESSIVE;
				GCC_WARN_UNUSED_FUNCTION = YES;
				GCC_WARN_UNUSED_VARIABLE = YES;
				IPHONEOS_DEPLOYMENT_TARGET = 17.0;
				LOCALIZATION_PREFERS_STRING_CATALOGS = YES;
				MTL_ENABLE_DEBUG_INFO = NO;
				MTL_FAST_MATH = YES;
				SDKROOT = iphoneos;
				SWIFT_COMPILATION_MODE = wholemodule;
				VALIDATE_PRODUCT = YES;
			};
			name = Release;
		};
		4F4CF1062C2313240054CC5A /* Debug */ = {
			isa = XCBuildConfiguration;
			buildSettings = {
				ASSETCATALOG_COMPILER_APPICON_NAME = AppIcon;
				ASSETCATALOG_COMPILER_GLOBAL_ACCENT_COLOR_NAME = AccentColor;
				CODE_SIGN_STYLE = Automatic;
				CURRENT_PROJECT_VERSION = 1;
				DEVELOPMENT_ASSET_PATHS = "\"ChaintechPasswordManager/Preview Content\"";
				DEVELOPMENT_TEAM = 2CZ3B92866;
				ENABLE_PREVIEWS = YES;
				GENERATE_INFOPLIST_FILE = YES;
				INFOPLIST_KEY_UIApplicationSceneManifest_Generation = YES;
				INFOPLIST_KEY_UIApplicationSupportsIndirectInputEvents = YES;
				INFOPLIST_KEY_UILaunchScreen_Generation = YES;
				INFOPLIST_KEY_UISupportedInterfaceOrientations_iPad = "UIInterfaceOrientationPortrait UIInterfaceOrientationPortraitUpsideDown UIInterfaceOrientationLandscapeLeft UIInterfaceOrientationLandscapeRight";
				INFOPLIST_KEY_UISupportedInterfaceOrientations_iPhone = "UIInterfaceOrientationPortrait UIInterfaceOrientationLandscapeLeft UIInterfaceOrientationLandscapeRight";
				IPHONEOS_DEPLOYMENT_TARGET = 17.0;
				LD_RUNPATH_SEARCH_PATHS = (
					"$(inherited)",
					"@executable_path/Frameworks",
				);
				MARKETING_VERSION = 1.0;
				PRODUCT_BUNDLE_IDENTIFIER = Singh.Shomil.ChaintechPasswordManager;
				PRODUCT_NAME = "$(TARGET_NAME)";
				SWIFT_EMIT_LOC_STRINGS = YES;
				SWIFT_VERSION = 5.0;
				TARGETED_DEVICE_FAMILY = "1,2";
			};
			name = Debug;
		};
		4F4CF1072C2313240054CC5A /* Release */ = {
			isa = XCBuildConfiguration;
			buildSettings = {
				ASSETCATALOG_COMPILER_APPICON_NAME = AppIcon;
				ASSETCATALOG_COMPILER_GLOBAL_ACCENT_COLOR_NAME = AccentColor;
				CODE_SIGN_STYLE = Automatic;
				CURRENT_PROJECT_VERSION = 1;
				DEVELOPMENT_ASSET_PATHS = "\"ChaintechPasswordManager/Preview Content\"";
				DEVELOPMENT_TEAM = 2CZ3B92866;
				ENABLE_PREVIEWS = YES;
				GENERATE_INFOPLIST_FILE = YES;
				INFOPLIST_KEY_UIApplicationSceneManifest_Generation = YES;
				INFOPLIST_KEY_UIApplicationSupportsIndirectInputEvents = YES;
				INFOPLIST_KEY_UILaunchScreen_Generation = YES;
				INFOPLIST_KEY_UISupportedInterfaceOrientations_iPad = "UIInterfaceOrientationPortrait UIInterfaceOrientationPortraitUpsideDown UIInterfaceOrientationLandscapeLeft UIInterfaceOrientationLandscapeRight";
				INFOPLIST_KEY_UISupportedInterfaceOrientations_iPhone = "UIInterfaceOrientationPortrait UIInterfaceOrientationLandscapeLeft UIInterfaceOrientationLandscapeRight";
				IPHONEOS_DEPLOYMENT_TARGET = 17.0;
				LD_RUNPATH_SEARCH_PATHS = (
					"$(inherited)",
					"@executable_path/Frameworks",
				);
				MARKETING_VERSION = 1.0;
				PRODUCT_BUNDLE_IDENTIFIER = Singh.Shomil.ChaintechPasswordManager;
				PRODUCT_NAME = "$(TARGET_NAME)";
				SWIFT_EMIT_LOC_STRINGS = YES;
				SWIFT_VERSION = 5.0;
				TARGETED_DEVICE_FAMILY = "1,2";
			};
			name = Release;
		};
/* End XCBuildConfiguration section */

/* Begin XCConfigurationList section */
		4F4CF0F22C2313220054CC5A /* Build configuration list for PBXProject "ChaintechPasswordManager" */ = {
			isa = XCConfigurationList;
			buildConfigurations = (
				4F4CF1032C2313240054CC5A /* Debug */,
				4F4CF1042C2313240054CC5A /* Release */,
			);
			defaultConfigurationIsVisible = 0;
			defaultConfigurationName = Release;
		};
		4F4CF1052C2313240054CC5A /* Build configuration list for PBXNativeTarget "ChaintechPasswordManager" */ = {
			isa = XCConfigurationList;
			buildConfigurations = (
				4F4CF1062C2313240054CC5A /* Debug */,
				4F4CF1072C2313240054CC5A /* Release */,
			);
			defaultConfigurationIsVisible = 0;
			defaultConfigurationName = Release;
		};
/* End XCConfigurationList section */
	};
	rootObject = 4F4CF0EF2C2313220054CC5A /* Project object */;
}
