{
  "originHash" : "f0aadb6f946bb21d653c178061e1d99a360da26ca61a01f4644100e7a14a2317",
  "pins" : [
    {
      "identity" : "swiftyrsa",
      "kind" : "remoteSourceControl",
      "location" : "https://github.com/TakeScoop/SwiftyRSA.git",
      "state" : {
        "revision" : "6521919ad0e99dff927685f142d8136479acb452",
        "version" : "1.8.0"
      }
    }
  ],
  "version" : 3
}
